
Microsoft Visual Studio Solution File, Format Version 12.00
# Visual Studio Version 17
VisualStudioVersion = 17.0.32014.148
MinimumVisualStudioVersion = 10.0.40219.1
Project("FAE04EC0-301F-11D3-BF4B-00C04F79EFBC") = "ConcordanceDAT", "ConcordanceDAT\ConcordanceDAT.csproj", "{C012F29E-B8D4-4DE5-B9A9-B97B8617AE30}"
EndProject
Global
	GlobalSection(SolutionConfigurationPlatforms) = preSolution
		Debug|Any CPU = Debug|Any CPU
		Release|Any CPU = Release|Any CPU
	EndGlobalSection
	GlobalSection(ProjectConfigurationPlatforms) = postSolution
		{C012F29E-B8D4-4DE5-B9A9-B97B8617AE30}.Debug|Any CPU.ActiveCfg = Debug|Any CPU
		{C012F29E-B8D4-4DE5-B9A9-B97B8617AE30}.Debug|Any CPU.Build.0 = Debug|Any CPU
		{C012F29E-B8D4-4DE5-B9A9-B97B8617AE30}.Release|Any CPU.ActiveCfg = Release|Any CPU
		{C012F29E-B8D4-4DE5-B9A9-B97B8617AE30}.Release|Any CPU.Build.0 = Release|Any CPU
	EndGlobalSection
	GlobalSection(SolutionProperties) = preSolution
		HideSolutionNode = FALSE
	EndGlobalSection
	GlobalSection(ExtensibilityGlobals) = postSolution
		SolutionGuid = {0C8D93DB-A158-47D2-AA36-55105742FACC}
	EndGlobalSection
EndGlobal
